
Microsoft Visual Studio Solution File, Format Version 12.00
# Visual Studio Version 17
VisualStudioVersion = 17.4.33122.133
MinimumVisualStudioVersion = 10.0.40219.1
Project("{FAE04EC0-301F-11D3-BF4B-00C04F79EFBC}") = "Bookstore", "Bookstore.csproj", "{C07AD256-A6EA-4DDB-B29E-1750F5D4EF3C}"
EndProject
Global
	GlobalSection(SolutionConfigurationPlatforms) = preSolution
		Debug|Any CPU = Debug|Any CPU
		Release|Any CPU = Release|Any CPU
	EndGlobalSection
	GlobalSection(ProjectConfigurationPlatforms) = postSolution
		{C07AD256-A6EA-4DDB-B29E-1750F5D4EF3C}.Debug|Any CPU.ActiveCfg = Debug|Any CPU
		{C07AD256-A6EA-4DDB-B29E-1750F5D4EF3C}.Debug|Any CPU.Build.0 = Debug|Any CPU
		{C07AD256-A6EA-4DDB-B29E-1750F5D4EF3C}.Release|Any CPU.ActiveCfg = Release|Any CPU
		{C07AD256-A6EA-4DDB-B29E-1750F5D4EF3C}.Release|Any CPU.Build.0 = Release|Any CPU
	EndGlobalSection
	GlobalSection(SolutionProperties) = preSolution
		HideSolutionNode = FALSE
	EndGlobalSection
	GlobalSection(ExtensibilityGlobals) = postSolution
		SolutionGuid = {26AB70A7-4BCC-44B2-9BDC-F971DF5B02B1}
	EndGlobalSection
EndGlobal
